{
  "version": 4,
  "terraform_version": "1.13.5",
  "serial": 32,
  "lineage": "b5e2df36-f40a-22fb-7424-12039306592b",
  "outputs": {
    "app_error_alarm_arn": {
      "value": "arn:aws:cloudwatch:ap-south-1:350363534873:alarm:aws-monitoring-prod-application-errors-high",
      "type": "string"
    },
    "app_error_alarm_name": {
      "value": "aws-monitoring-prod-application-errors-high",
      "type": "string"
    },
    "app_log_group_arn": {
      "value": "arn:aws:logs:ap-south-1:350363534873:log-group:/ec2/application/logs",
      "type": "string"
    },
    "app_log_group_name": {
      "value": "/ec2/application/logs",
      "type": "string"
    },
    "aws_account_id": {
      "value": "350363534873",
      "type": "string"
    },
    "aws_region": {
      "value": "ap-south-1",
      "type": "string"
    },
    "cloudtrail_arn": {
      "value": "arn:aws:cloudtrail:ap-south-1:350363534873:trail/aws-monitoring-prod-trail",
      "type": "string"
    },
    "cloudtrail_log_group_name": {
      "value": "/aws/cloudtrail/aws-monitoring-prod",
      "type": "string"
    },
    "cloudtrail_s3_bucket_arn": {
      "value": "arn:aws:s3:::myorg-cloudtrail-logs-123456789012",
      "type": "string"
    },
    "cloudtrail_s3_bucket_name": {
      "value": "myorg-cloudtrail-logs-123456789012",
      "type": "string"
    },
    "config_recorder_name": {
      "value": "aws-monitoring-prod-config-recorder",
      "type": "string"
    },
    "config_s3_bucket_name": {
      "value": "myorg-cloudtrail-logs-123456789012-config",
      "type": "string"
    },
    "cpu_alarm_arn": {
      "value": "arn:aws:cloudwatch:ap-south-1:350363534873:alarm:aws-monitoring-prod-cpu-utilization-high",
      "type": "string"
    },
    "cpu_alarm_name": {
      "value": "aws-monitoring-prod-cpu-utilization-high",
      "type": "string"
    },
    "dashboard_arn": {
      "value": "arn:aws:cloudwatch::350363534873:dashboard/aws-monitoring-prod-infrastructure-monitoring",
      "type": "string"
    },
    "dashboard_name": {
      "value": "aws-monitoring-prod-infrastructure-monitoring",
      "type": "string"
    },
    "dashboard_url": {
      "value": "https://ap-south-1.console.aws.amazon.com/cloudwatch/home?region=ap-south-1#dashboards:name=aws-monitoring-prod-infrastructure-monitoring",
      "type": "string"
    },
    "guardduty_detector_id": {
      "value": "31d270f22ad84adb8120e2834212cc8a",
      "type": "string"
    },
    "name_prefix": {
      "value": "aws-monitoring-prod",
      "type": "string"
    },
    "sns_topic_arn": {
      "value": "arn:aws:sns:ap-south-1:350363534873:aws-monitoring-prod-cloudwatch-alerts",
      "type": "string"
    },
    "sns_topic_name": {
      "value": "aws-monitoring-prod-cloudwatch-alerts",
      "type": "string"
    }
  },
  "resources": [
    {
      "mode": "data",
      "type": "aws_caller_identity",
      "name": "current",
      "provider": "provider[\"registry.terraform.io/hashicorp/aws\"]",
      "instances": [
        {
          "schema_version": 0,
          "attributes": {
            "account_id": "350363534873",
            "arn": "arn:aws:iam::350363534873:user/terraform",
            "id": "350363534873",
            "user_id": "AIDAVDE2LIYMYVSFYBT24"
          },
          "sensitive_attributes": [],
          "identity_schema_version": 0
        }
      ]
    },
    {
      "mode": "data",
      "type": "aws_region",
      "name": "current",
      "provider": "provider[\"registry.terraform.io/hashicorp/aws\"]",
      "instances": [
        {
          "schema_version": 0,
          "attributes": {
            "description": "Asia Pacific (Mumbai)",
            "endpoint": "ec2.ap-south-1.amazonaws.com",
            "id": "ap-south-1",
            "name": "ap-south-1"
          },
          "sensitive_attributes": [],
          "identity_schema_version": 0
        }
      ]
    },
    {
      "mode": "managed",
      "type": "aws_cloudtrail",
      "name": "main",
      "provider": "provider[\"registry.terraform.io/hashicorp/aws\"]",
      "instances": [
        {
          "schema_version": 1,
          "attributes": {
            "advanced_event_selector": [],
            "arn": "arn:aws:cloudtrail:ap-south-1:350363534873:trail/aws-monitoring-prod-trail",
            "cloud_watch_logs_group_arn": "arn:aws:logs:ap-south-1:350363534873:log-group:/aws/cloudtrail/aws-monitoring-prod:*",
            "cloud_watch_logs_role_arn": "arn:aws:iam::350363534873:role/aws-monitoring-prod-cloudtrail-cw-role",
            "enable_log_file_validation": true,
            "enable_logging": true,
            "event_selector": [
              {
                "data_resource": [],
                "exclude_management_event_sources": null,
                "include_management_events": true,
                "read_write_type": "All"
              }
            ],
            "home_region": "ap-south-1",
            "id": "arn:aws:cloudtrail:ap-south-1:350363534873:trail/aws-monitoring-prod-trail",
            "include_global_service_events": true,
            "insight_selector": [],
            "is_multi_region_trail": true,
            "is_organization_trail": false,
            "kms_key_id": "",
            "name": "aws-monitoring-prod-trail",
            "s3_bucket_name": "myorg-cloudtrail-logs-123456789012",
            "s3_key_prefix": "",
            "sns_topic_arn": "",
            "sns_topic_name": "",
            "tags": {
              "Environment": "prod",
              "ManagedBy": "Terraform",
              "Name": "aws-monitoring-prod-trail",
              "Owner": "devops-team",
              "Project": "aws-monitoring",
              "Purpose": "API activity audit logging",
              "Region": "ap-south-1"
            },
            "tags_all": {
              "Environment": "prod",
              "ManagedBy": "Terraform",
              "Name": "aws-monitoring-prod-trail",
              "Owner": "devops-team",
              "Project": "aws-monitoring",
              "Purpose": "API activity audit logging",
              "Region": "ap-south-1"
            }
          },
          "sensitive_attributes": [],
          "identity_schema_version": 0,
          "private": "eyJzY2hlbWFfdmVyc2lvbiI6IjEifQ==",
          "dependencies": [
            "aws_cloudwatch_log_group.cloudtrail",
            "aws_iam_role.cloudtrail_cloudwatch",
            "aws_iam_role_policy.cloudtrail_cloudwatch",
            "aws_s3_bucket.cloudtrail",
            "aws_s3_bucket_policy.cloudtrail",
            "aws_s3_bucket_public_access_block.cloudtrail",
            "data.aws_caller_identity.current",
            "data.aws_region.current"
          ]
        }
      ]
    },
    {
      "mode": "managed",
      "type": "aws_cloudwatch_dashboard",
      "name": "main",
      "provider": "provider[\"registry.terraform.io/hashicorp/aws\"]",
      "instances": [
        {
          "schema_version": 0,
          "attributes": {
            "dashboard_arn": "arn:aws:cloudwatch::350363534873:dashboard/aws-monitoring-prod-infrastructure-monitoring",
            "dashboard_body": "{\"widgets\":[{\"height\":6,\"properties\":{\"annotations\":{\"horizontal\":[{\"color\":\"#d62728\",\"label\":\"Alarm threshold\",\"value\":80}]},\"metrics\":[[\"AWS/EC2\",\"CPUUtilization\",\"InstanceId\",\"i-0123456789abcdef0\",{\"color\":\"#ff7f0e\",\"label\":\"CPU Utilization\"}]],\"period\":300,\"region\":\"ap-south-1\",\"stacked\":false,\"stat\":\"Average\",\"title\":\"EC2 CPU Utilization (%)\",\"view\":\"timeSeries\",\"yAxis\":{\"left\":{\"label\":\"Percent\",\"max\":100,\"min\":0}}},\"type\":\"metric\",\"width\":12,\"x\":0,\"y\":0},{\"height\":6,\"properties\":{\"metrics\":[[\"AWS/EC2\",\"NetworkIn\",\"InstanceId\",\"i-0123456789abcdef0\",{\"color\":\"#1f77b4\",\"label\":\"Network In\"}],[\"AWS/EC2\",\"NetworkOut\",\"InstanceId\",\"i-0123456789abcdef0\",{\"color\":\"#2ca02c\",\"label\":\"Network Out\"}]],\"period\":300,\"region\":\"ap-south-1\",\"stacked\":false,\"stat\":\"Sum\",\"title\":\"EC2 Network In / Out (Bytes)\",\"view\":\"timeSeries\",\"yAxis\":{\"left\":{\"label\":\"Bytes\",\"min\":0}}},\"type\":\"metric\",\"width\":12,\"x\":12,\"y\":0},{\"height\":6,\"properties\":{\"annotations\":{\"horizontal\":[{\"color\":\"#9467bd\",\"label\":\"Error alarm threshold\",\"value\":5}]},\"metrics\":[[\"Custom/Application\",\"ApplicationErrorCount\",{\"color\":\"#d62728\",\"label\":\"ERROR\"}]],\"period\":300,\"region\":\"ap-south-1\",\"stacked\":false,\"stat\":\"Sum\",\"title\":\"Application Error Count\",\"view\":\"timeSeries\"},\"type\":\"metric\",\"width\":12,\"x\":0,\"y\":6},{\"height\":6,\"properties\":{\"metrics\":[[\"Custom/Application\",\"ApplicationCriticalCount\",{\"color\":\"#8c564b\",\"label\":\"CRITICAL\"}]],\"period\":300,\"region\":\"ap-south-1\",\"stacked\":false,\"stat\":\"Sum\",\"title\":\"Application Critical Events\",\"view\":\"timeSeries\"},\"type\":\"metric\",\"width\":12,\"x\":12,\"y\":6},{\"height\":6,\"properties\":{\"metrics\":[[\"AWS/Billing\",\"EstimatedCharges\",\"Currency\",\"USD\",{\"color\":\"#e377c2\",\"label\":\"Total Estimated Charges\"}]],\"period\":86400,\"region\":\"us-east-1\",\"stacked\":false,\"stat\":\"Maximum\",\"title\":\"AWS Estimated Charges (USD)\",\"view\":\"timeSeries\",\"yAxis\":{\"left\":{\"label\":\"USD\",\"min\":0}}},\"type\":\"metric\",\"width\":24,\"x\":0,\"y\":12},{\"height\":4,\"properties\":{\"alarms\":[\"arn:aws:cloudwatch:ap-south-1:350363534873:alarm:aws-monitoring-prod-cpu-utilization-high\",\"arn:aws:cloudwatch:ap-south-1:350363534873:alarm:aws-monitoring-prod-application-errors-high\",\"arn:aws:cloudwatch:ap-south-1:350363534873:alarm:aws-monitoring-prod-application-critical-high\",\"arn:aws:cloudwatch:ap-south-1:350363534873:alarm:aws-monitoring-prod-network-in-high\"],\"title\":\"Alarm Status Overview\"},\"type\":\"alarm\",\"width\":24,\"x\":0,\"y\":18}]}",
            "dashboard_name": "aws-monitoring-prod-infrastructure-monitoring",
            "id": "aws-monitoring-prod-infrastructure-monitoring"
          },
          "sensitive_attributes": [],
          "identity_schema_version": 0,
          "private": "bnVsbA==",
          "dependencies": [
            "aws_cloudwatch_metric_alarm.app_critical_high",
            "aws_cloudwatch_metric_alarm.app_errors_high",
            "aws_cloudwatch_metric_alarm.cpu_high",
            "aws_cloudwatch_metric_alarm.network_in_high",
            "aws_sns_topic.alerts",
            "data.aws_region.current"
          ]
        }
      ]
    },
    {
      "mode": "managed",
      "type": "aws_cloudwatch_log_group",
      "name": "app_logs",
      "provider": "provider[\"registry.terraform.io/hashicorp/aws\"]",
      "instances": [
        {
          "schema_version": 0,
          "attributes": {
            "arn": "arn:aws:logs:ap-south-1:350363534873:log-group:/ec2/application/logs",
            "id": "/ec2/application/logs",
            "kms_key_id": "",
            "log_group_class": "STANDARD",
            "name": "/ec2/application/logs",
            "name_prefix": "",
            "retention_in_days": 30,
            "skip_destroy": false,
            "tags": {
              "Environment": "prod",
              "ManagedBy": "Terraform",
              "Name": "aws-monitoring-prod-app-logs",
              "Owner": "devops-team",
              "Project": "aws-monitoring",
              "Purpose": "EC2 application log storage",
              "Region": "ap-south-1"
            },
            "tags_all": {
              "Environment": "prod",
              "ManagedBy": "Terraform",
              "Name": "aws-monitoring-prod-app-logs",
              "Owner": "devops-team",
              "Project": "aws-monitoring",
              "Purpose": "EC2 application log storage",
              "Region": "ap-south-1"
            }
          },
          "sensitive_attributes": [],
          "identity_schema_version": 0,
          "private": "bnVsbA==",
          "dependencies": [
            "data.aws_region.current"
          ]
        }
      ]
    },
    {
      "mode": "managed",
      "type": "aws_cloudwatch_log_group",
      "name": "cloudtrail",
      "provider": "provider[\"registry.terraform.io/hashicorp/aws\"]",
      "instances": [
        {
          "schema_version": 0,
          "attributes": {
            "arn": "arn:aws:logs:ap-south-1:350363534873:log-group:/aws/cloudtrail/aws-monitoring-prod",
            "id": "/aws/cloudtrail/aws-monitoring-prod",
            "kms_key_id": "",
            "log_group_class": "STANDARD",
            "name": "/aws/cloudtrail/aws-monitoring-prod",
            "name_prefix": "",
            "retention_in_days": 90,
            "skip_destroy": false,
            "tags": {
              "Environment": "prod",
              "ManagedBy": "Terraform",
              "Name": "aws-monitoring-prod-cloudtrail-logs",
              "Owner": "devops-team",
              "Project": "aws-monitoring",
              "Purpose": "CloudTrail API event storage in CloudWatch",
              "Region": "ap-south-1"
            },
            "tags_all": {
              "Environment": "prod",
              "ManagedBy": "Terraform",
              "Name": "aws-monitoring-prod-cloudtrail-logs",
              "Owner": "devops-team",
              "Project": "aws-monitoring",
              "Purpose": "CloudTrail API event storage in CloudWatch",
              "Region": "ap-south-1"
            }
          },
          "sensitive_attributes": [],
          "identity_schema_version": 0,
          "private": "bnVsbA==",
          "dependencies": [
            "data.aws_region.current"
          ]
        }
      ]
    },
    {
      "mode": "managed",
      "type": "aws_cloudwatch_log_metric_filter",
      "name": "critical_filter",
      "provider": "provider[\"registry.terraform.io/hashicorp/aws\"]",
      "instances": [
        {
          "schema_version": 0,
          "attributes": {
            "id": "aws-monitoring-prod-critical-filter",
            "log_group_name": "/ec2/application/logs",
            "metric_transformation": [
              {
                "default_value": "0",
                "dimensions": null,
                "name": "ApplicationCriticalCount",
                "namespace": "Custom/Application",
                "unit": "Count",
                "value": "1"
              }
            ],
            "name": "aws-monitoring-prod-critical-filter",
            "pattern": "CRITICAL"
          },
          "sensitive_attributes": [],
          "identity_schema_version": 0,
          "private": "bnVsbA==",
          "dependencies": [
            "aws_cloudwatch_log_group.app_logs",
            "data.aws_region.current"
          ]
        }
      ]
    },
    {
      "mode": "managed",
      "type": "aws_cloudwatch_log_metric_filter",
      "name": "error_filter",
      "provider": "provider[\"registry.terraform.io/hashicorp/aws\"]",
      "instances": [
        {
          "schema_version": 0,
          "attributes": {
            "id": "aws-monitoring-prod-error-filter",
            "log_group_name": "/ec2/application/logs",
            "metric_transformation": [
              {
                "default_value": "0",
                "dimensions": null,
                "name": "ApplicationErrorCount",
                "namespace": "Custom/Application",
                "unit": "Count",
                "value": "1"
              }
            ],
            "name": "aws-monitoring-prod-error-filter",
            "pattern": "ERROR"
          },
          "sensitive_attributes": [],
          "identity_schema_version": 0,
          "private": "bnVsbA==",
          "dependencies": [
            "aws_cloudwatch_log_group.app_logs",
            "data.aws_region.current"
          ]
        }
      ]
    },
    {
      "mode": "managed",
      "type": "aws_cloudwatch_metric_alarm",
      "name": "app_critical_high",
      "provider": "provider[\"registry.terraform.io/hashicorp/aws\"]",
      "instances": [
        {
          "schema_version": 1,
          "attributes": {
            "actions_enabled": true,
            "alarm_actions": [
              "arn:aws:sns:ap-south-1:350363534873:aws-monitoring-prod-cloudwatch-alerts"
            ],
            "alarm_description": "Application CRITICAL log events detected",
            "alarm_name": "aws-monitoring-prod-application-critical-high",
            "arn": "arn:aws:cloudwatch:ap-south-1:350363534873:alarm:aws-monitoring-prod-application-critical-high",
            "comparison_operator": "GreaterThanThreshold",
            "datapoints_to_alarm": 0,
            "dimensions": null,
            "evaluate_low_sample_count_percentiles": "",
            "evaluation_periods": 1,
            "extended_statistic": "",
            "id": "aws-monitoring-prod-application-critical-high",
            "insufficient_data_actions": null,
            "metric_name": "ApplicationCriticalCount",
            "metric_query": [],
            "namespace": "Custom/Application",
            "ok_actions": [
              "arn:aws:sns:ap-south-1:350363534873:aws-monitoring-prod-cloudwatch-alerts"
            ],
            "period": 300,
            "statistic": "Sum",
            "tags": {
              "Environment": "prod",
              "ManagedBy": "Terraform",
              "Name": "aws-monitoring-prod-application-critical-high",
              "Owner": "devops-team",
              "Project": "aws-monitoring",
              "Region": "ap-south-1",
              "Severity": "Critical"
            },
            "tags_all": {
              "Environment": "prod",
              "ManagedBy": "Terraform",
              "Name": "aws-monitoring-prod-application-critical-high",
              "Owner": "devops-team",
              "Project": "aws-monitoring",
              "Region": "ap-south-1",
              "Severity": "Critical"
            },
            "threshold": 0,
            "threshold_metric_id": "",
            "treat_missing_data": "notBreaching",
            "unit": ""
          },
          "sensitive_attributes": [],
          "identity_schema_version": 0,
          "private": "eyJzY2hlbWFfdmVyc2lvbiI6IjEifQ==",
          "dependencies": [
            "aws_sns_topic.alerts",
            "data.aws_region.current"
          ]
        }
      ]
    },
    {
      "mode": "managed",
      "type": "aws_cloudwatch_metric_alarm",
      "name": "app_errors_high",
      "provider": "provider[\"registry.terraform.io/hashicorp/aws\"]",
      "instances": [
        {
          "schema_version": 1,
          "attributes": {
            "actions_enabled": true,
            "alarm_actions": [
              "arn:aws:sns:ap-south-1:350363534873:aws-monitoring-prod-cloudwatch-alerts"
            ],
            "alarm_description": "Application error count exceeded 5 in the last 300s",
            "alarm_name": "aws-monitoring-prod-application-errors-high",
            "arn": "arn:aws:cloudwatch:ap-south-1:350363534873:alarm:aws-monitoring-prod-application-errors-high",
            "comparison_operator": "GreaterThanThreshold",
            "datapoints_to_alarm": 0,
            "dimensions": null,
            "evaluate_low_sample_count_percentiles": "",
            "evaluation_periods": 2,
            "extended_statistic": "",
            "id": "aws-monitoring-prod-application-errors-high",
            "insufficient_data_actions": null,
            "metric_name": "ApplicationErrorCount",
            "metric_query": [],
            "namespace": "Custom/Application",
            "ok_actions": [
              "arn:aws:sns:ap-south-1:350363534873:aws-monitoring-prod-cloudwatch-alerts"
            ],
            "period": 300,
            "statistic": "Sum",
            "tags": {
              "Environment": "prod",
              "ManagedBy": "Terraform",
              "Name": "aws-monitoring-prod-application-errors-high",
              "Owner": "devops-team",
              "Project": "aws-monitoring",
              "Region": "ap-south-1",
              "Severity": "Critical"
            },
            "tags_all": {
              "Environment": "prod",
              "ManagedBy": "Terraform",
              "Name": "aws-monitoring-prod-application-errors-high",
              "Owner": "devops-team",
              "Project": "aws-monitoring",
              "Region": "ap-south-1",
              "Severity": "Critical"
            },
            "threshold": 5,
            "threshold_metric_id": "",
            "treat_missing_data": "notBreaching",
            "unit": ""
          },
          "sensitive_attributes": [],
          "identity_schema_version": 0,
          "private": "eyJzY2hlbWFfdmVyc2lvbiI6IjEifQ==",
          "dependencies": [
            "aws_sns_topic.alerts",
            "data.aws_region.current"
          ]
        }
      ]
    },
    {
      "mode": "managed",
      "type": "aws_cloudwatch_metric_alarm",
      "name": "cpu_high",
      "provider": "provider[\"registry.terraform.io/hashicorp/aws\"]",
      "instances": [
        {
          "schema_version": 1,
          "attributes": {
            "actions_enabled": true,
            "alarm_actions": [
              "arn:aws:sns:ap-south-1:350363534873:aws-monitoring-prod-cloudwatch-alerts"
            ],
            "alarm_description": "EC2 CPU utilization exceeded 80% for 2 consecutive 300s periods",
            "alarm_name": "aws-monitoring-prod-cpu-utilization-high",
            "arn": "arn:aws:cloudwatch:ap-south-1:350363534873:alarm:aws-monitoring-prod-cpu-utilization-high",
            "comparison_operator": "GreaterThanThreshold",
            "datapoints_to_alarm": 0,
            "dimensions": {
              "InstanceId": "i-0123456789abcdef0"
            },
            "evaluate_low_sample_count_percentiles": "",
            "evaluation_periods": 2,
            "extended_statistic": "",
            "id": "aws-monitoring-prod-cpu-utilization-high",
            "insufficient_data_actions": null,
            "metric_name": "CPUUtilization",
            "metric_query": [],
            "namespace": "AWS/EC2",
            "ok_actions": [
              "arn:aws:sns:ap-south-1:350363534873:aws-monitoring-prod-cloudwatch-alerts"
            ],
            "period": 300,
            "statistic": "Average",
            "tags": {
              "Environment": "prod",
              "ManagedBy": "Terraform",
              "Name": "aws-monitoring-prod-cpu-utilization-high",
              "Owner": "devops-team",
              "Project": "aws-monitoring",
              "Region": "ap-south-1",
              "Severity": "High"
            },
            "tags_all": {
              "Environment": "prod",
              "ManagedBy": "Terraform",
              "Name": "aws-monitoring-prod-cpu-utilization-high",
              "Owner": "devops-team",
              "Project": "aws-monitoring",
              "Region": "ap-south-1",
              "Severity": "High"
            },
            "threshold": 80,
            "threshold_metric_id": "",
            "treat_missing_data": "notBreaching",
            "unit": ""
          },
          "sensitive_attributes": [],
          "identity_schema_version": 0,
          "private": "eyJzY2hlbWFfdmVyc2lvbiI6IjEifQ==",
          "dependencies": [
            "aws_sns_topic.alerts",
            "data.aws_region.current"
          ]
        }
      ]
    },
    {
      "mode": "managed",
      "type": "aws_cloudwatch_metric_alarm",
      "name": "network_in_high",
      "provider": "provider[\"registry.terraform.io/hashicorp/aws\"]",
      "instances": [
        {
          "schema_version": 1,
          "attributes": {
            "actions_enabled": true,
            "alarm_actions": [
              "arn:aws:sns:ap-south-1:350363534873:aws-monitoring-prod-cloudwatch-alerts"
            ],
            "alarm_description": "EC2 NetworkIn exceeded 1 GB in the last 5 minutes",
            "alarm_name": "aws-monitoring-prod-network-in-high",
            "arn": "arn:aws:cloudwatch:ap-south-1:350363534873:alarm:aws-monitoring-prod-network-in-high",
            "comparison_operator": "GreaterThanThreshold",
            "datapoints_to_alarm": 0,
            "dimensions": {
              "InstanceId": "i-0123456789abcdef0"
            },
            "evaluate_low_sample_count_percentiles": "",
            "evaluation_periods": 1,
            "extended_statistic": "",
            "id": "aws-monitoring-prod-network-in-high",
            "insufficient_data_actions": null,
            "metric_name": "NetworkIn",
            "metric_query": [],
            "namespace": "AWS/EC2",
            "ok_actions": [
              "arn:aws:sns:ap-south-1:350363534873:aws-monitoring-prod-cloudwatch-alerts"
            ],
            "period": 300,
            "statistic": "Sum",
            "tags": {
              "Environment": "prod",
              "ManagedBy": "Terraform",
              "Name": "aws-monitoring-prod-network-in-high",
              "Owner": "devops-team",
              "Project": "aws-monitoring",
              "Region": "ap-south-1",
              "Severity": "Medium"
            },
            "tags_all": {
              "Environment": "prod",
              "ManagedBy": "Terraform",
              "Name": "aws-monitoring-prod-network-in-high",
              "Owner": "devops-team",
              "Project": "aws-monitoring",
              "Region": "ap-south-1",
              "Severity": "Medium"
            },
            "threshold": 1073741824,
            "threshold_metric_id": "",
            "treat_missing_data": "notBreaching",
            "unit": ""
          },
          "sensitive_attributes": [],
          "identity_schema_version": 0,
          "private": "eyJzY2hlbWFfdmVyc2lvbiI6IjEifQ==",
          "dependencies": [
            "aws_sns_topic.alerts",
            "data.aws_region.current"
          ]
        }
      ]
    },
    {
      "mode": "managed",
      "type": "aws_config_configuration_recorder",
      "name": "main",
      "provider": "provider[\"registry.terraform.io/hashicorp/aws\"]",
      "instances": [
        {
          "schema_version": 0,
          "attributes": {
            "id": "aws-monitoring-prod-config-recorder",
            "name": "aws-monitoring-prod-config-recorder",
            "recording_group": [
              {
                "all_supported": true,
                "exclusion_by_resource_types": [
                  {
                    "resource_types": []
                  }
                ],
                "include_global_resource_types": true,
                "recording_strategy": [
                  {
                    "use_only": "ALL_SUPPORTED_RESOURCE_TYPES"
                  }
                ],
                "resource_types": null
              }
            ],
            "recording_mode": [
              {
                "recording_frequency": "CONTINUOUS",
                "recording_mode_override": []
              }
            ],
            "role_arn": "arn:aws:iam::350363534873:role/aws-monitoring-prod-config-role"
          },
          "sensitive_attributes": [],
          "identity_schema_version": 0,
          "private": "bnVsbA==",
          "dependencies": [
            "aws_iam_role.config",
            "data.aws_region.current"
          ]
        }
      ]
    },
    {
      "mode": "managed",
      "type": "aws_config_configuration_recorder_status",
      "name": "main",
      "provider": "provider[\"registry.terraform.io/hashicorp/aws\"]",
      "instances": [
        {
          "schema_version": 0,
          "attributes": {
            "id": "aws-monitoring-prod-config-recorder",
            "is_enabled": true,
            "name": "aws-monitoring-prod-config-recorder"
          },
          "sensitive_attributes": [],
          "identity_schema_version": 0,
          "private": "bnVsbA==",
          "dependencies": [
            "aws_config_configuration_recorder.main",
            "aws_config_delivery_channel.main",
            "aws_iam_role.config",
            "aws_s3_bucket.config",
            "data.aws_region.current"
          ]
        }
      ]
    },
    {
      "mode": "managed",
      "type": "aws_config_delivery_channel",
      "name": "main",
      "provider": "provider[\"registry.terraform.io/hashicorp/aws\"]",
      "instances": [
        {
          "schema_version": 0,
          "attributes": {
            "id": "aws-monitoring-prod-config-delivery",
            "name": "aws-monitoring-prod-config-delivery",
            "s3_bucket_name": "myorg-cloudtrail-logs-123456789012-config",
            "s3_key_prefix": "",
            "s3_kms_key_arn": "",
            "snapshot_delivery_properties": [
              {
                "delivery_frequency": "TwentyFour_Hours"
              }
            ],
            "sns_topic_arn": ""
          },
          "sensitive_attributes": [],
          "identity_schema_version": 0,
          "private": "bnVsbA==",
          "dependencies": [
            "aws_config_configuration_recorder.main",
            "aws_iam_role.config",
            "aws_s3_bucket.config",
            "data.aws_region.current"
          ]
        }
      ]
    },
    {
      "mode": "managed",
      "type": "aws_guardduty_detector",
      "name": "main",
      "provider": "provider[\"registry.terraform.io/hashicorp/aws\"]",
      "instances": [
        {
          "schema_version": 0,
          "attributes": {
            "account_id": "350363534873",
            "arn": "arn:aws:guardduty:ap-south-1:350363534873:detector/31d270f22ad84adb8120e2834212cc8a",
            "datasources": [
              {
                "kubernetes": [
                  {
                    "audit_logs": [
                      {
                        "enable": true
                      }
                    ]
                  }
                ],
                "malware_protection": [
                  {
                    "scan_ec2_instance_with_findings": [
                      {
                        "ebs_volumes": [
                          {
                            "enable": true
                          }
                        ]
                      }
                    ]
                  }
                ],
                "s3_logs": [
                  {
                    "enable": true
                  }
                ]
              }
            ],
            "enable": true,
            "finding_publishing_frequency": "SIX_HOURS",
            "id": "31d270f22ad84adb8120e2834212cc8a",
            "tags": {
              "Environment": "prod",
              "ManagedBy": "Terraform",
              "Name": "aws-monitoring-prod-guardduty",
              "Owner": "devops-team",
              "Project": "aws-monitoring",
              "Purpose": "Threat detection",
              "Region": "ap-south-1"
            },
            "tags_all": {
              "Environment": "prod",
              "ManagedBy": "Terraform",
              "Name": "aws-monitoring-prod-guardduty",
              "Owner": "devops-team",
              "Project": "aws-monitoring",
              "Purpose": "Threat detection",
              "Region": "ap-south-1"
            }
          },
          "sensitive_attributes": [],
          "identity_schema_version": 0,
          "private": "bnVsbA==",
          "dependencies": [
            "data.aws_region.current"
          ]
        }
      ]
    },
    {
      "mode": "managed",
      "type": "aws_iam_role",
      "name": "cloudtrail_cloudwatch",
      "provider": "provider[\"registry.terraform.io/hashicorp/aws\"]",
      "instances": [
        {
          "schema_version": 0,
          "attributes": {
            "arn": "arn:aws:iam::350363534873:role/aws-monitoring-prod-cloudtrail-cw-role",
            "assume_role_policy": "{\"Statement\":[{\"Action\":\"sts:AssumeRole\",\"Effect\":\"Allow\",\"Principal\":{\"Service\":\"cloudtrail.amazonaws.com\"}}],\"Version\":\"2012-10-17\"}",
            "create_date": "2026-03-02T04:32:00Z",
            "description": "",
            "force_detach_policies": false,
            "id": "aws-monitoring-prod-cloudtrail-cw-role",
            "inline_policy": [],
            "managed_policy_arns": [],
            "max_session_duration": 3600,
            "name": "aws-monitoring-prod-cloudtrail-cw-role",
            "name_prefix": "",
            "path": "/",
            "permissions_boundary": "",
            "tags": {
              "Environment": "prod",
              "ManagedBy": "Terraform",
              "Name": "aws-monitoring-prod-cloudtrail-cw-role",
              "Owner": "devops-team",
              "Project": "aws-monitoring",
              "Region": "ap-south-1"
            },
            "tags_all": {
              "Environment": "prod",
              "ManagedBy": "Terraform",
              "Name": "aws-monitoring-prod-cloudtrail-cw-role",
              "Owner": "devops-team",
              "Project": "aws-monitoring",
              "Region": "ap-south-1"
            },
            "unique_id": "AROAVDE2LIYM3LFUZW2RO"
          },
          "sensitive_attributes": [],
          "identity_schema_version": 0,
          "private": "bnVsbA==",
          "dependencies": [
            "data.aws_region.current"
          ]
        }
      ]
    },
    {
      "mode": "managed",
      "type": "aws_iam_role",
      "name": "config",
      "provider": "provider[\"registry.terraform.io/hashicorp/aws\"]",
      "instances": [
        {
          "schema_version": 0,
          "attributes": {
            "arn": "arn:aws:iam::350363534873:role/aws-monitoring-prod-config-role",
            "assume_role_policy": "{\"Statement\":[{\"Action\":\"sts:AssumeRole\",\"Effect\":\"Allow\",\"Principal\":{\"Service\":\"config.amazonaws.com\"}}],\"Version\":\"2012-10-17\"}",
            "create_date": "2026-03-02T04:32:00Z",
            "description": "",
            "force_detach_policies": false,
            "id": "aws-monitoring-prod-config-role",
            "inline_policy": [],
            "managed_policy_arns": [],
            "max_session_duration": 3600,
            "name": "aws-monitoring-prod-config-role",
            "name_prefix": "",
            "path": "/",
            "permissions_boundary": "",
            "tags": {
              "Environment": "prod",
              "ManagedBy": "Terraform",
              "Name": "aws-monitoring-prod-config-role",
              "Owner": "devops-team",
              "Project": "aws-monitoring",
              "Region": "ap-south-1"
            },
            "tags_all": {
              "Environment": "prod",
              "ManagedBy": "Terraform",
              "Name": "aws-monitoring-prod-config-role",
              "Owner": "devops-team",
              "Project": "aws-monitoring",
              "Region": "ap-south-1"
            },
            "unique_id": "AROAVDE2LIYM2NZUN3HBC"
          },
          "sensitive_attributes": [],
          "identity_schema_version": 0,
          "private": "bnVsbA==",
          "dependencies": [
            "data.aws_region.current"
          ]
        }
      ]
    },
    {
      "mode": "managed",
      "type": "aws_iam_role_policy",
      "name": "cloudtrail_cloudwatch",
      "provider": "provider[\"registry.terraform.io/hashicorp/aws\"]",
      "instances": [
        {
          "schema_version": 0,
          "attributes": {
            "id": "aws-monitoring-prod-cloudtrail-cw-role:aws-monitoring-prod-cloudtrail-cw-policy",
            "name": "aws-monitoring-prod-cloudtrail-cw-policy",
            "name_prefix": "",
            "policy": "{\"Version\":\"2012-10-17\",\"Statement\":[{\"Action\":[\"logs:CreateLogStream\",\"logs:PutLogEvents\"],\"Effect\":\"Allow\",\"Resource\":\"arn:aws:logs:ap-south-1:350363534873:log-group:/aws/cloudtrail/aws-monitoring-prod:*\"}]}",
            "role": "aws-monitoring-prod-cloudtrail-cw-role"
          },
          "sensitive_attributes": [],
          "identity_schema_version": 0,
          "private": "bnVsbA==",
          "dependencies": [
            "aws_cloudwatch_log_group.cloudtrail",
            "aws_iam_role.cloudtrail_cloudwatch",
            "data.aws_region.current"
          ]
        }
      ]
    },
    {
      "mode": "managed",
      "type": "aws_iam_role_policy",
      "name": "config_s3",
      "provider": "provider[\"registry.terraform.io/hashicorp/aws\"]",
      "instances": [
        {
          "schema_version": 0,
          "attributes": {
            "id": "aws-monitoring-prod-config-role:aws-monitoring-prod-config-s3-policy",
            "name": "aws-monitoring-prod-config-s3-policy",
            "name_prefix": "",
            "policy": "{\"Version\":\"2012-10-17\",\"Statement\":[{\"Action\":[\"s3:PutObject\"],\"Condition\":{\"StringLike\":{\"s3:x-amz-acl\":\"bucket-owner-full-control\"}},\"Effect\":\"Allow\",\"Resource\":\"arn:aws:s3:::myorg-cloudtrail-logs-123456789012-config/AWSLogs/350363534873/Config/*\"},{\"Action\":[\"s3:GetBucketAcl\",\"s3:ListBucket\"],\"Effect\":\"Allow\",\"Resource\":\"arn:aws:s3:::myorg-cloudtrail-logs-123456789012-config\"}]}",
            "role": "aws-monitoring-prod-config-role"
          },
          "sensitive_attributes": [],
          "identity_schema_version": 0,
          "private": "bnVsbA==",
          "dependencies": [
            "aws_iam_role.config",
            "aws_s3_bucket.config",
            "data.aws_caller_identity.current",
            "data.aws_region.current"
          ]
        }
      ]
    },
    {
      "mode": "managed",
      "type": "aws_iam_role_policy_attachment",
      "name": "config",
      "provider": "provider[\"registry.terraform.io/hashicorp/aws\"]",
      "instances": [
        {
          "schema_version": 0,
          "attributes": {
            "id": "aws-monitoring-prod-config-role-20260302043202262400000001",
            "policy_arn": "arn:aws:iam::aws:policy/service-role/AWS_ConfigRole",
            "role": "aws-monitoring-prod-config-role"
          },
          "sensitive_attributes": [],
          "identity_schema_version": 0,
          "private": "bnVsbA==",
          "dependencies": [
            "aws_iam_role.config",
            "data.aws_region.current"
          ]
        }
      ]
    },
    {
      "mode": "managed",
      "type": "aws_s3_bucket",
      "name": "cloudtrail",
      "provider": "provider[\"registry.terraform.io/hashicorp/aws\"]",
      "instances": [
        {
          "schema_version": 0,
          "attributes": {
            "acceleration_status": "",
            "acl": null,
            "arn": "arn:aws:s3:::myorg-cloudtrail-logs-123456789012",
            "bucket": "myorg-cloudtrail-logs-123456789012",
            "bucket_domain_name": "myorg-cloudtrail-logs-123456789012.s3.amazonaws.com",
            "bucket_prefix": "",
            "bucket_regional_domain_name": "myorg-cloudtrail-logs-123456789012.s3.ap-south-1.amazonaws.com",
            "cors_rule": [],
            "force_destroy": false,
            "grant": [
              {
                "id": "5f85cd771a043ee0c8a5cffcc4676c5f49628623ad74b40e69a75dc775bbb495",
                "permissions": [
                  "FULL_CONTROL"
                ],
                "type": "CanonicalUser",
                "uri": ""
              }
            ],
            "hosted_zone_id": "Z11RGJOFQNVJUP",
            "id": "myorg-cloudtrail-logs-123456789012",
            "lifecycle_rule": [],
            "logging": [],
            "object_lock_configuration": [],
            "object_lock_enabled": false,
            "policy": "",
            "region": "ap-south-1",
            "replication_configuration": [],
            "request_payer": "BucketOwner",
            "server_side_encryption_configuration": [
              {
                "rule": [
                  {
                    "apply_server_side_encryption_by_default": [
                      {
                        "kms_master_key_id": "",
                        "sse_algorithm": "AES256"
                      }
                    ],
                    "bucket_key_enabled": false
                  }
                ]
              }
            ],
            "tags": {
              "Environment": "prod",
              "ManagedBy": "Terraform",
              "Name": "myorg-cloudtrail-logs-123456789012",
              "Owner": "devops-team",
              "Project": "aws-monitoring",
              "Purpose": "CloudTrail audit log storage",
              "Region": "ap-south-1"
            },
            "tags_all": {
              "Environment": "prod",
              "ManagedBy": "Terraform",
              "Name": "myorg-cloudtrail-logs-123456789012",
              "Owner": "devops-team",
              "Project": "aws-monitoring",
              "Purpose": "CloudTrail audit log storage",
              "Region": "ap-south-1"
            },
            "timeouts": null,
            "versioning": [
              {
                "enabled": false,
                "mfa_delete": false
              }
            ],
            "website": [],
            "website_domain": null,
            "website_endpoint": null
          },
          "sensitive_attributes": [],
          "identity_schema_version": 0,
          "private": "eyJlMmJmYjczMC1lY2FhLTExZTYtOGY4OC0zNDM2M2JjN2M0YzAiOnsiY3JlYXRlIjoxMjAwMDAwMDAwMDAwLCJkZWxldGUiOjM2MDAwMDAwMDAwMDAsInJlYWQiOjEyMDAwMDAwMDAwMDAsInVwZGF0ZSI6MTIwMDAwMDAwMDAwMH19",
          "dependencies": [
            "data.aws_region.current"
          ]
        }
      ]
    },
    {
      "mode": "managed",
      "type": "aws_s3_bucket",
      "name": "config",
      "provider": "provider[\"registry.terraform.io/hashicorp/aws\"]",
      "instances": [
        {
          "schema_version": 0,
          "attributes": {
            "acceleration_status": "",
            "acl": null,
            "arn": "arn:aws:s3:::myorg-cloudtrail-logs-123456789012-config",
            "bucket": "myorg-cloudtrail-logs-123456789012-config",
            "bucket_domain_name": "myorg-cloudtrail-logs-123456789012-config.s3.amazonaws.com",
            "bucket_prefix": "",
            "bucket_regional_domain_name": "myorg-cloudtrail-logs-123456789012-config.s3.ap-south-1.amazonaws.com",
            "cors_rule": [],
            "force_destroy": false,
            "grant": [
              {
                "id": "5f85cd771a043ee0c8a5cffcc4676c5f49628623ad74b40e69a75dc775bbb495",
                "permissions": [
                  "FULL_CONTROL"
                ],
                "type": "CanonicalUser",
                "uri": ""
              }
            ],
            "hosted_zone_id": "Z11RGJOFQNVJUP",
            "id": "myorg-cloudtrail-logs-123456789012-config",
            "lifecycle_rule": [],
            "logging": [],
            "object_lock_configuration": [],
            "object_lock_enabled": false,
            "policy": "",
            "region": "ap-south-1",
            "replication_configuration": [],
            "request_payer": "BucketOwner",
            "server_side_encryption_configuration": [
              {
                "rule": [
                  {
                    "apply_server_side_encryption_by_default": [
                      {
                        "kms_master_key_id": "",
                        "sse_algorithm": "AES256"
                      }
                    ],
                    "bucket_key_enabled": false
                  }
                ]
              }
            ],
            "tags": {
              "Environment": "prod",
              "ManagedBy": "Terraform",
              "Name": "myorg-cloudtrail-logs-123456789012-config",
              "Owner": "devops-team",
              "Project": "aws-monitoring",
              "Purpose": "AWS Config configuration snapshots",
              "Region": "ap-south-1"
            },
            "tags_all": {
              "Environment": "prod",
              "ManagedBy": "Terraform",
              "Name": "myorg-cloudtrail-logs-123456789012-config",
              "Owner": "devops-team",
              "Project": "aws-monitoring",
              "Purpose": "AWS Config configuration snapshots",
              "Region": "ap-south-1"
            },
            "timeouts": null,
            "versioning": [
              {
                "enabled": false,
                "mfa_delete": false
              }
            ],
            "website": [],
            "website_domain": null,
            "website_endpoint": null
          },
          "sensitive_attributes": [],
          "identity_schema_version": 0,
          "private": "eyJlMmJmYjczMC1lY2FhLTExZTYtOGY4OC0zNDM2M2JjN2M0YzAiOnsiY3JlYXRlIjoxMjAwMDAwMDAwMDAwLCJkZWxldGUiOjM2MDAwMDAwMDAwMDAsInJlYWQiOjEyMDAwMDAwMDAwMDAsInVwZGF0ZSI6MTIwMDAwMDAwMDAwMH19",
          "dependencies": [
            "data.aws_region.current"
          ]
        }
      ]
    },
    {
      "mode": "managed",
      "type": "aws_s3_bucket_lifecycle_configuration",
      "name": "cloudtrail",
      "provider": "provider[\"registry.terraform.io/hashicorp/aws\"]",
      "instances": [
        {
          "schema_version": 1,
          "attributes": {
            "bucket": "myorg-cloudtrail-logs-123456789012",
            "expected_bucket_owner": "",
            "id": "myorg-cloudtrail-logs-123456789012",
            "rule": [
              {
                "abort_incomplete_multipart_upload": [],
                "expiration": [
                  {
                    "date": null,
                    "days": 365,
                    "expired_object_delete_marker": false
                  }
                ],
                "filter": [],
                "id": "cloudtrail-log-lifecycle",
                "noncurrent_version_expiration": [
                  {
                    "newer_noncurrent_versions": null,
                    "noncurrent_days": 30
                  }
                ],
                "noncurrent_version_transition": [],
                "prefix": "",
                "status": "Enabled",
                "transition": [
                  {
                    "date": null,
                    "days": 90,
                    "storage_class": "GLACIER"
                  }
                ]
              }
            ],
            "timeouts": null,
            "transition_default_minimum_object_size": "all_storage_classes_128K"
          },
          "sensitive_attributes": [],
          "identity_schema_version": 0,
          "dependencies": [
            "aws_s3_bucket.cloudtrail",
            "data.aws_region.current"
          ]
        }
      ]
    },
    {
      "mode": "managed",
      "type": "aws_s3_bucket_policy",
      "name": "cloudtrail",
      "provider": "provider[\"registry.terraform.io/hashicorp/aws\"]",
      "instances": [
        {
          "schema_version": 0,
          "attributes": {
            "bucket": "myorg-cloudtrail-logs-123456789012",
            "id": "myorg-cloudtrail-logs-123456789012",
            "policy": "{\"Statement\":[{\"Action\":\"s3:GetBucketAcl\",\"Condition\":{\"StringEquals\":{\"aws:SourceArn\":\"arn:aws:cloudtrail:ap-south-1:350363534873:trail/aws-monitoring-prod-trail\"}},\"Effect\":\"Allow\",\"Principal\":{\"Service\":\"cloudtrail.amazonaws.com\"},\"Resource\":\"arn:aws:s3:::myorg-cloudtrail-logs-123456789012\",\"Sid\":\"AWSCloudTrailAclCheck\"},{\"Action\":\"s3:PutObject\",\"Condition\":{\"StringEquals\":{\"aws:SourceArn\":\"arn:aws:cloudtrail:ap-south-1:350363534873:trail/aws-monitoring-prod-trail\",\"s3:x-amz-acl\":\"bucket-owner-full-control\"}},\"Effect\":\"Allow\",\"Principal\":{\"Service\":\"cloudtrail.amazonaws.com\"},\"Resource\":\"arn:aws:s3:::myorg-cloudtrail-logs-123456789012/AWSLogs/350363534873/*\",\"Sid\":\"AWSCloudTrailWrite\"}],\"Version\":\"2012-10-17\"}"
          },
          "sensitive_attributes": [],
          "identity_schema_version": 0,
          "private": "bnVsbA==",
          "dependencies": [
            "aws_s3_bucket.cloudtrail",
            "aws_s3_bucket_public_access_block.cloudtrail",
            "data.aws_caller_identity.current",
            "data.aws_region.current"
          ]
        }
      ]
    },
    {
      "mode": "managed",
      "type": "aws_s3_bucket_policy",
      "name": "config",
      "provider": "provider[\"registry.terraform.io/hashicorp/aws\"]",
      "instances": [
        {
          "schema_version": 0,
          "attributes": {
            "bucket": "myorg-cloudtrail-logs-123456789012-config",
            "id": "myorg-cloudtrail-logs-123456789012-config",
            "policy": "{\"Statement\":[{\"Action\":\"s3:GetBucketAcl\",\"Condition\":{\"StringEquals\":{\"AWS:SourceAccount\":\"350363534873\"}},\"Effect\":\"Allow\",\"Principal\":{\"Service\":\"config.amazonaws.com\"},\"Resource\":\"arn:aws:s3:::myorg-cloudtrail-logs-123456789012-config\",\"Sid\":\"AWSConfigBucketPermissionsCheck\"},{\"Action\":\"s3:ListBucket\",\"Condition\":{\"StringEquals\":{\"AWS:SourceAccount\":\"350363534873\"}},\"Effect\":\"Allow\",\"Principal\":{\"Service\":\"config.amazonaws.com\"},\"Resource\":\"arn:aws:s3:::myorg-cloudtrail-logs-123456789012-config\",\"Sid\":\"AWSConfigBucketExistenceCheck\"},{\"Action\":\"s3:PutObject\",\"Condition\":{\"StringEquals\":{\"AWS:SourceAccount\":\"350363534873\",\"s3:x-amz-acl\":\"bucket-owner-full-control\"}},\"Effect\":\"Allow\",\"Principal\":{\"Service\":\"config.amazonaws.com\"},\"Resource\":\"arn:aws:s3:::myorg-cloudtrail-logs-123456789012-config/AWSLogs/350363534873/Config/*\",\"Sid\":\"AWSConfigBucketDelivery\"}],\"Version\":\"2012-10-17\"}"
          },
          "sensitive_attributes": [],
          "identity_schema_version": 0,
          "private": "bnVsbA==",
          "dependencies": [
            "aws_s3_bucket.config",
            "aws_s3_bucket_public_access_block.config",
            "data.aws_caller_identity.current",
            "data.aws_region.current"
          ]
        }
      ]
    },
    {
      "mode": "managed",
      "type": "aws_s3_bucket_public_access_block",
      "name": "cloudtrail",
      "provider": "provider[\"registry.terraform.io/hashicorp/aws\"]",
      "instances": [
        {
          "schema_version": 0,
          "attributes": {
            "block_public_acls": true,
            "block_public_policy": true,
            "bucket": "myorg-cloudtrail-logs-123456789012",
            "id": "myorg-cloudtrail-logs-123456789012",
            "ignore_public_acls": true,
            "restrict_public_buckets": true
          },
          "sensitive_attributes": [],
          "identity_schema_version": 0,
          "private": "bnVsbA==",
          "dependencies": [
            "aws_s3_bucket.cloudtrail",
            "data.aws_region.current"
          ]
        }
      ]
    },
    {
      "mode": "managed",
      "type": "aws_s3_bucket_public_access_block",
      "name": "config",
      "provider": "provider[\"registry.terraform.io/hashicorp/aws\"]",
      "instances": [
        {
          "schema_version": 0,
          "attributes": {
            "block_public_acls": true,
            "block_public_policy": true,
            "bucket": "myorg-cloudtrail-logs-123456789012-config",
            "id": "myorg-cloudtrail-logs-123456789012-config",
            "ignore_public_acls": true,
            "restrict_public_buckets": true
          },
          "sensitive_attributes": [],
          "identity_schema_version": 0,
          "private": "bnVsbA==",
          "dependencies": [
            "aws_s3_bucket.config",
            "data.aws_region.current"
          ]
        }
      ]
    },
    {
      "mode": "managed",
      "type": "aws_s3_bucket_server_side_encryption_configuration",
      "name": "cloudtrail",
      "provider": "provider[\"registry.terraform.io/hashicorp/aws\"]",
      "instances": [
        {
          "schema_version": 0,
          "attributes": {
            "bucket": "myorg-cloudtrail-logs-123456789012",
            "expected_bucket_owner": "",
            "id": "myorg-cloudtrail-logs-123456789012",
            "rule": [
              {
                "apply_server_side_encryption_by_default": [
                  {
                    "kms_master_key_id": "",
                    "sse_algorithm": "AES256"
                  }
                ],
                "bucket_key_enabled": true
              }
            ]
          },
          "sensitive_attributes": [],
          "identity_schema_version": 0,
          "private": "bnVsbA==",
          "dependencies": [
            "aws_s3_bucket.cloudtrail",
            "data.aws_region.current"
          ]
        }
      ]
    },
    {
      "mode": "managed",
      "type": "aws_s3_bucket_server_side_encryption_configuration",
      "name": "config",
      "provider": "provider[\"registry.terraform.io/hashicorp/aws\"]",
      "instances": [
        {
          "schema_version": 0,
          "attributes": {
            "bucket": "myorg-cloudtrail-logs-123456789012-config",
            "expected_bucket_owner": "",
            "id": "myorg-cloudtrail-logs-123456789012-config",
            "rule": [
              {
                "apply_server_side_encryption_by_default": [
                  {
                    "kms_master_key_id": "",
                    "sse_algorithm": "AES256"
                  }
                ],
                "bucket_key_enabled": null
              }
            ]
          },
          "sensitive_attributes": [],
          "identity_schema_version": 0,
          "private": "bnVsbA==",
          "dependencies": [
            "aws_s3_bucket.config",
            "data.aws_region.current"
          ]
        }
      ]
    },
    {
      "mode": "managed",
      "type": "aws_s3_bucket_versioning",
      "name": "cloudtrail",
      "provider": "provider[\"registry.terraform.io/hashicorp/aws\"]",
      "instances": [
        {
          "schema_version": 0,
          "attributes": {
            "bucket": "myorg-cloudtrail-logs-123456789012",
            "expected_bucket_owner": "",
            "id": "myorg-cloudtrail-logs-123456789012",
            "mfa": null,
            "versioning_configuration": [
              {
                "mfa_delete": "",
                "status": "Enabled"
              }
            ]
          },
          "sensitive_attributes": [],
          "identity_schema_version": 0,
          "private": "bnVsbA==",
          "dependencies": [
            "aws_s3_bucket.cloudtrail",
            "data.aws_region.current"
          ]
        }
      ]
    },
    {
      "mode": "managed",
      "type": "aws_sns_topic",
      "name": "alerts",
      "provider": "provider[\"registry.terraform.io/hashicorp/aws\"]",
      "instances": [
        {
          "schema_version": 0,
          "attributes": {
            "application_failure_feedback_role_arn": "",
            "application_success_feedback_role_arn": "",
            "application_success_feedback_sample_rate": 0,
            "archive_policy": "",
            "arn": "arn:aws:sns:ap-south-1:350363534873:aws-monitoring-prod-cloudwatch-alerts",
            "beginning_archive_time": "",
            "content_based_deduplication": false,
            "delivery_policy": "",
            "display_name": "CloudWatch Alerts - prod",
            "fifo_throughput_scope": "",
            "fifo_topic": false,
            "firehose_failure_feedback_role_arn": "",
            "firehose_success_feedback_role_arn": "",
            "firehose_success_feedback_sample_rate": 0,
            "http_failure_feedback_role_arn": "",
            "http_success_feedback_role_arn": "",
            "http_success_feedback_sample_rate": 0,
            "id": "arn:aws:sns:ap-south-1:350363534873:aws-monitoring-prod-cloudwatch-alerts",
            "kms_master_key_id": "alias/aws/sns",
            "lambda_failure_feedback_role_arn": "",
            "lambda_success_feedback_role_arn": "",
            "lambda_success_feedback_sample_rate": 0,
            "name": "aws-monitoring-prod-cloudwatch-alerts",
            "name_prefix": "",
            "owner": "350363534873",
            "policy": "{\"Id\":\"__default_policy_ID\",\"Statement\":[{\"Action\":[\"SNS:GetTopicAttributes\",\"SNS:SetTopicAttributes\",\"SNS:AddPermission\",\"SNS:RemovePermission\",\"SNS:DeleteTopic\",\"SNS:Subscribe\",\"SNS:ListSubscriptionsByTopic\",\"SNS:Publish\"],\"Condition\":{\"StringEquals\":{\"AWS:SourceOwner\":\"350363534873\"}},\"Effect\":\"Allow\",\"Principal\":{\"AWS\":\"*\"},\"Resource\":\"arn:aws:sns:ap-south-1:350363534873:aws-monitoring-prod-cloudwatch-alerts\",\"Sid\":\"__default_statement_ID\"}],\"Version\":\"2008-10-17\"}",
            "signature_version": 0,
            "sqs_failure_feedback_role_arn": "",
            "sqs_success_feedback_role_arn": "",
            "sqs_success_feedback_sample_rate": 0,
            "tags": {
              "Environment": "prod",
              "ManagedBy": "Terraform",
              "Name": "aws-monitoring-prod-cloudwatch-alerts",
              "Owner": "devops-team",
              "Project": "aws-monitoring",
              "Purpose": "CloudWatch alarm notifications",
              "Region": "ap-south-1"
            },
            "tags_all": {
              "Environment": "prod",
              "ManagedBy": "Terraform",
              "Name": "aws-monitoring-prod-cloudwatch-alerts",
              "Owner": "devops-team",
              "Project": "aws-monitoring",
              "Purpose": "CloudWatch alarm notifications",
              "Region": "ap-south-1"
            },
            "tracing_config": ""
          },
          "sensitive_attributes": [],
          "identity_schema_version": 0,
          "private": "bnVsbA==",
          "dependencies": [
            "data.aws_region.current"
          ]
        }
      ]
    },
    {
      "mode": "managed",
      "type": "aws_sns_topic_policy",
      "name": "alerts",
      "provider": "provider[\"registry.terraform.io/hashicorp/aws\"]",
      "instances": [
        {
          "schema_version": 0,
          "attributes": {
            "arn": "arn:aws:sns:ap-south-1:350363534873:aws-monitoring-prod-cloudwatch-alerts",
            "id": "arn:aws:sns:ap-south-1:350363534873:aws-monitoring-prod-cloudwatch-alerts",
            "owner": "350363534873",
            "policy": "{\"Statement\":[{\"Action\":\"SNS:Publish\",\"Condition\":{\"ArnLike\":{\"aws:SourceArn\":\"arn:aws:cloudwatch:ap-south-1:350363534873:alarm:*\"}},\"Effect\":\"Allow\",\"Principal\":{\"Service\":\"cloudwatch.amazonaws.com\"},\"Resource\":\"arn:aws:sns:ap-south-1:350363534873:aws-monitoring-prod-cloudwatch-alerts\",\"Sid\":\"AllowCloudWatchPublish\"},{\"Action\":\"SNS:Publish\",\"Effect\":\"Allow\",\"Principal\":{\"AWS\":\"arn:aws:iam::350363534873:root\"},\"Resource\":\"arn:aws:sns:ap-south-1:350363534873:aws-monitoring-prod-cloudwatch-alerts\",\"Sid\":\"AllowAccountPublish\"}],\"Version\":\"2012-10-17\"}"
          },
          "sensitive_attributes": [],
          "identity_schema_version": 0,
          "private": "bnVsbA==",
          "dependencies": [
            "aws_sns_topic.alerts",
            "data.aws_caller_identity.current",
            "data.aws_region.current"
          ]
        }
      ]
    },
    {
      "mode": "managed",
      "type": "aws_sns_topic_subscription",
      "name": "email_alert",
      "provider": "provider[\"registry.terraform.io/hashicorp/aws\"]",
      "instances": [
        {
          "schema_version": 0,
          "attributes": {
            "arn": "arn:aws:sns:ap-south-1:350363534873:aws-monitoring-prod-cloudwatch-alerts:41fd7864-fce5-4f94-b05a-897cee9e152d",
            "confirmation_timeout_in_minutes": 1,
            "confirmation_was_authenticated": false,
            "delivery_policy": "",
            "endpoint": "devops-alerts@example.com",
            "endpoint_auto_confirms": false,
            "filter_policy": "",
            "filter_policy_scope": "",
            "id": "arn:aws:sns:ap-south-1:350363534873:aws-monitoring-prod-cloudwatch-alerts:41fd7864-fce5-4f94-b05a-897cee9e152d",
            "owner_id": "350363534873",
            "pending_confirmation": true,
            "protocol": "email",
            "raw_message_delivery": false,
            "redrive_policy": "",
            "replay_policy": "",
            "subscription_role_arn": "",
            "topic_arn": "arn:aws:sns:ap-south-1:350363534873:aws-monitoring-prod-cloudwatch-alerts"
          },
          "sensitive_attributes": [],
          "identity_schema_version": 0,
          "private": "bnVsbA==",
          "dependencies": [
            "aws_sns_topic.alerts",
            "data.aws_region.current"
          ]
        }
      ]
    }
  ],
  "check_results": [
    {
      "object_kind": "var",
      "config_addr": "var.environment",
      "status": "pass",
      "objects": [
        {
          "object_addr": "var.environment",
          "status": "pass"
        }
      ]
    },
    {
      "object_kind": "var",
      "config_addr": "var.cpu_alarm_threshold",
      "status": "pass",
      "objects": [
        {
          "object_addr": "var.cpu_alarm_threshold",
          "status": "pass"
        }
      ]
    },
    {
      "object_kind": "var",
      "config_addr": "var.log_retention_days",
      "status": "pass",
      "objects": [
        {
          "object_addr": "var.log_retention_days",
          "status": "pass"
        }
      ]
    }
  ]
}
